<Solution>
  <Folder Name="/src/" />
  <Folder Name="/src/Services/" />
  <Folder Name="/src/Services/AddressService/">
    <Project Path="src/Services/AddressService/AddressService.API/AddressService.API.csproj" />
    <Project Path="src/Services/AddressService/AddressService.Application/AddressService.Application.csproj" />
    <Project Path="src/Services/AddressService/AddressService.Domain/AddressService.Domain.csproj" />
    <Project Path="src/Services/AddressService/AddressService.Infrastructure/AddressService.Infrastructure.csproj" />
  </Folder>
  <Folder Name="/src/Services/NotificationService/">
    <Project Path="src/Services/NotificationService/NotificationService.API/NotificationService.API.csproj" />
    <Project Path="src/Services/NotificationService/NotificationService.Application/NotificationService.Application.csproj" />
    <Project Path="src/Services/NotificationService/NotificationService.Domain/NotificationService.Domain.csproj" />
    <Project Path="src/Services/NotificationService/NotificationService.Infrastructure/NotificationService.Infrastructure.csproj" />
  </Folder>
  <Folder Name="/src/Services/UserService/">
    <Project Path="src/Services/UserService/UserService.API/UserService.API.csproj" />
    <Project Path="src/Services/UserService/UserService.Application/UserService.Application.csproj" />
    <Project Path="src/Services/UserService/UserService.Domain/UserService.Domain.csproj" />
    <Project Path="src/Services/UserService/UserService.Infrastructure/UserService.Infrastructure.csproj" />
  </Folder>
  <Folder Name="/src/Services/BookService/">
    <Project Path="src/Services/BookService/BookService.API/BookService.API.csproj" />
    <Project Path="src/Services/BookService/BookService.Application/BookService.Application.csproj" />
    <Project Path="src/Services/BookService/BookService.Domain/BookService.Domain.csproj" />
    <Project Path="src/Services/BookService/BookService.Infrastructure/BookService.Infrastructure.csproj" />
  </Folder>
  <Folder Name="/src/Shared/">
    <Project Path="src/Shared/Bookstore.Contracts/Bookstore.Contracts.csproj" />
  </Folder>
</Solution>
